{
  "version": 4,
  "terraform_version": "0.15.2",
  "serial": 17,
  "lineage": "d212df93-bf23-a775-e16a-97dfd9b4d1e5",
  "outputs": {
    "cluster_kubernetes_versions": {
      "value": [
        [
          "v1.17.9",
          "v1.17.13",
          "v1.18.10",
          "v1.19.7"
        ]
      ],
      "type": [
        "tuple",
        [
          [
            "list",
            "string"
          ]
        ]
      ]
    },
    "node_pool_kubernetes_version": {
      "value": [
        [
          "v1.17.9",
          "v1.17.13",
          "v1.18.10",
          "v1.19.7"
        ]
      ],
      "type": [
        "tuple",
        [
          [
            "list",
            "string"
          ]
        ]
      ]
    }
  },
  "resources": [
    {
      "mode": "data",
      "type": "oci_containerengine_cluster_kube_config",
      "name": "okell_cluster_kube_config",
      "provider": "provider[\"registry.terraform.io/hashicorp/oci\"]",
      "instances": [
        {
          "schema_version": 0,
          "attributes": {
            "cluster_id": "ocid1.cluster.oc1.eu-frankfurt-1.aaaaaaaatudu24mq6vexgoumbfebn2extxqygcsp6jny6nlboc2ghvt5jgoa",
            "content": "---\napiVersion: v1\nkind: \"\"\nclusters:\n- name: cluster-c2ghvt5jgoa\n  cluster:\n    server: https://129.159.199.183:6443\n    certificate-authority-data: LS0tLS1CRUdJTiBDRVJUSUZJQ0FURS0tLS0tCk1JSURpRENDQW5DZ0F3SUJBZ0lRRHlQTHVZeSthWFBLWjEvMlZGSys1ekFOQmdrcWhraUc5dzBCQVFzRkFEQmUKTVE4d0RRWURWUVFEREFaTE9ITWdRMEV4Q3pBSkJnTlZCQVlUQWxWVE1ROHdEUVlEVlFRSERBWkJkWE4wYVc0eApEekFOQmdOVkJBb01Cazl5WVdOc1pURU1NQW9HQTFVRUN3d0RUMk5wTVE0d0RBWURWUVFJREFWVVpYaGhjekFlCkZ3MHlNVEExTVRBeE1USXlNREZhRncweU5qQTFNVEF4TVRJeU1ERmFNRjR4RHpBTkJnTlZCQU1NQmtzNGN5QkQKUVRFTE1Ba0dBMVVFQmhNQ1ZWTXhEekFOQmdOVkJBY01Ca0YxYzNScGJqRVBNQTBHQTFVRUNnd0dUM0poWTJ4bApNUXd3Q2dZRFZRUUxEQU5QWTJreERqQU1CZ05WQkFnTUJWUmxlR0Z6TUlJQklqQU5CZ2txaGtpRzl3MEJBUUVGCkFBT0NBUThBTUlJQkNnS0NBUUVBMWloUHpyM1ZaMDB6eVZ3amthUXR4U0U2eGg1Q2xSRUZxeXp0RTN0dmtWRk0KcXhTUzlTRzRvZWRnVG80a1hXMmE1ZHFFRXBNNnRMRlgzRUFjS0JpQ1NTVUFiODZiQ0luUGhXSitqL0pGSDlYUgpnWjRxaTRTeGRJQWZlT0lNTTNvdzRUYUluSm5pVHA3ejFITFB3SzY1cllkS0cwWHJLdmRjMnlDbnIvTjQ4UHFQCjMxMHhxdHk5bVRIMnV0bytHcGhtK2ZXZXQxZGpUQ2JSTW5CbXkwL1JnWVgzVnovZHE3MlJXYS94V2RvZXJ1Qi8Ka2habW1oOUN4OVd3OWo3Q2VaazZtNzhabm9jcHlxc3AxQUxyOEpGSmtlT0ZnV3E0ZW5zQlpoMVRjdmV1eTlZNgpqL01uMEViYlpBTUFhR3l4S05taTZCdkVnVWZCMHgyOFNHdFJmaWd5TFFJREFRQUJvMEl3UURBUEJnTlZIUk1CCkFmOEVCVEFEQVFIL01BNEdBMVVkRHdFQi93UUVBd0lCQmpBZEJnTlZIUTRFRmdRVXo2YUR3UFdoM0ljNTFOaWkKVCsvcXVGTGcwWTR3RFFZSktvWklodmNOQVFFTEJRQURnZ0VCQUFhMi9DdU9ORnM2cklUYnlZTUJxdzZCaFVtMQpVb0dEVm15WjU5U0tvbjM2TWE5N2RwY0pRaUN2K0UwbTRUcEdLS0F5bTIzb0xmMnhzenFTUXlDZDQ0cnhWbjYxCkVaKzBrVnVmbCs3VUROSXJWWnFKMXRJR1VIa0RDWGxiWWc2SUxFSUVqWGV6ejNGMFAxZHBNemEwYSsrd29MS2wKcTB3a211MDZZNHlnTzh1ZGxBdVMzL0VhT0k4Z3hDcGNEeUlxS3FqeEVISm9rYkc3SktTNHp6eXpDcmNXbVVUagpVazNlS2FhWGZVS3I5K2VpUmJJOVJsdHpWUVh5MnJJeW9uV3JJZldYeEtWRUFxcnVyRlNkZk1pSnZpdGJ2RE54CnR0bVVMUTZvWTZ1VmNvQlBkUFFIekFFMWIrVGtzK1I0M3ZrVmhRTDdUS0NiZHNFcFFQVHJuTGNKdlQ4PQotLS0tLUVORCBDRVJUSUZJQ0FURS0tLS0tCg==\nusers:\n- name: user-c2ghvt5jgoa\n  user:\n    exec:\n      apiVersion: client.authentication.k8s.io/v1beta1\n      command: oci\n      args:\n      - ce\n      - cluster\n      - generate-token\n      - --cluster-id\n      - ocid1.cluster.oc1.eu-frankfurt-1.aaaaaaaatudu24mq6vexgoumbfebn2extxqygcsp6jny6nlboc2ghvt5jgoa\n      - --region\n      - eu-frankfurt-1\n      env: []\ncontexts:\n- name: context-c2ghvt5jgoa\n  context:\n    cluster: cluster-c2ghvt5jgoa\n    user: user-c2ghvt5jgoa\ncurrent-context: context-c2ghvt5jgoa\n",
            "endpoint": null,
            "expiration": null,
            "id": "ContainerengineClusterKubeConfigDataSource-2289805256",
            "token_version": "2.0.0"
          },
          "sensitive_attributes": []
        }
      ]
    },
    {
      "mode": "data",
      "type": "oci_containerengine_cluster_option",
      "name": "okell_cluster_option",
      "provider": "provider[\"registry.terraform.io/hashicorp/oci\"]",
      "instances": [
        {
          "schema_version": 0,
          "attributes": {
            "cluster_option_id": "all",
            "compartment_id": null,
            "id": "ContainerengineClusterOptionDataSource-1870923232",
            "kubernetes_versions": [
              "v1.17.9",
              "v1.17.13",
              "v1.18.10",
              "v1.19.7"
            ]
          },
          "sensitive_attributes": []
        }
      ]
    },
    {
      "mode": "data",
      "type": "oci_containerengine_node_pool_option",
      "name": "okell_node_pool_option",
      "provider": "provider[\"registry.terraform.io/hashicorp/oci\"]",
      "instances": [
        {
          "schema_version": 0,
          "attributes": {
            "compartment_id": null,
            "id": "ContainerengineNodePoolOptionDataSource-1870923232",
            "images": [
              "Oracle-Linux-7.4",
              "Oracle-Linux-7.5",
              "Oracle-Linux-7.6"
            ],
            "kubernetes_versions": [
              "v1.17.9",
              "v1.17.13",
              "v1.18.10",
              "v1.19.7"
            ],
            "node_pool_option_id": "all",
            "shapes": [
              "BM.Optimized3.36",
              "BM.Standard.E2.64",
              "BM.Standard.E3.128",
              "BM.Standard.E4.128",
              "BM.Standard1.36",
              "BM.Standard2.52",
              "VM.Optimized3.Flex",
              "VM.Standard.E2.1",
              "VM.Standard.E2.2",
              "VM.Standard.E2.4",
              "VM.Standard.E2.8",
              "VM.Standard.E3.Flex",
              "VM.Standard.E4.Flex",
              "VM.Standard1.1",
              "VM.Standard1.16",
              "VM.Standard1.2",
              "VM.Standard1.4",
              "VM.Standard1.8",
              "VM.Standard2.1",
              "VM.Standard2.16",
              "VM.Standard2.2",
              "VM.Standard2.24",
              "VM.Standard2.4",
              "VM.Standard2.8"
            ],
            "sources": [
              {
                "image_id": "ocid1.image.oc1.eu-frankfurt-1.aaaaaaaa4pnql6wprjir2xhf2is2r7u2g7e4s3lufxxjp6hzm3tyepannwra",
                "source_name": "Oracle-Linux-7.9-2021.04.09-0",
                "source_type": "IMAGE"
              },
              {
                "image_id": "ocid1.image.oc1.eu-frankfurt-1.aaaaaaaa62zux7w2njw7yyhjcwydpuzhbi2iavnhm4lwbruthl6b5htjlkyq",
                "source_name": "Oracle-Linux-7.9-2021.03.17-0",
                "source_type": "IMAGE"
              },
              {
                "image_id": "ocid1.image.oc1.eu-frankfurt-1.aaaaaaaawx7h4vxjmrgha6inypi7df63q2y3bjylrp24b4sbgekumq5pqc7a",
                "source_name": "Oracle-Linux-7.9-2021.02.16-0",
                "source_type": "IMAGE"
              },
              {
                "image_id": "ocid1.image.oc1.eu-frankfurt-1.aaaaaaaazfzlw2infpo3svzjgrcl237xsbod4l5yuzfpqdqmmawia2womz5q",
                "source_name": "Oracle-Linux-7.6",
                "source_type": "IMAGE"
              }
            ]
          },
          "sensitive_attributes": []
        }
      ]
    },
    {
      "mode": "data",
      "type": "oci_core_services",
      "name": "services",
      "provider": "provider[\"registry.terraform.io/hashicorp/oci\"]",
      "instances": [
        {
          "schema_version": 0,
          "attributes": {
            "filter": null,
            "id": "CoreServicesDataSource-0",
            "services": [
              {
                "cidr_block": "all-fra-services-in-oracle-services-network",
                "description": "All FRA Services In Oracle Services Network",
                "id": "ocid1.service.oc1.eu-frankfurt-1.aaaaaaaa7ncsqkj6lkz36dehifizupyn6qjqsmtepsegs23yyntnsy7qrvea",
                "name": "All FRA Services In Oracle Services Network"
              },
              {
                "cidr_block": "oci-fra-objectstorage",
                "description": "OCI FRA Object Storage",
                "id": "ocid1.service.oc1.eu-frankfurt-1.aaaaaaaalblrg4eycfxwohulzwwq63btwptzs2hva3muxfan5ro5x7glehtq",
                "name": "OCI FRA Object Storage"
              }
            ]
          },
          "sensitive_attributes": []
        }
      ]
    },
    {
      "mode": "data",
      "type": "oci_identity_availability_domain",
      "name": "export_AuTH-EU-FRANKFURT-1-AD-1",
      "provider": "provider[\"registry.terraform.io/hashicorp/oci\"]",
      "instances": [
        {
          "schema_version": 0,
          "attributes": {
            "ad_number": 1,
            "compartment_id": "ocid1.compartment.oc1..aaaaaaaawv7ydwkdkpebps24g2rvbb3znq3xfcdmuv4btnqs5vqiegcd6i6q",
            "id": "ocid1.availabilitydomain.oc1..aaaaaaaalcdcbl7u6akbmkojxhrozpj2v7yavqqydkj3ytyjbt47lnoqnm2q",
            "name": "AuTH:EU-FRANKFURT-1-AD-1"
          },
          "sensitive_attributes": []
        }
      ]
    },
    {
      "mode": "data",
      "type": "oci_identity_availability_domain",
      "name": "export_AuTH-EU-FRANKFURT-1-AD-2",
      "provider": "provider[\"registry.terraform.io/hashicorp/oci\"]",
      "instances": [
        {
          "schema_version": 0,
          "attributes": {
            "ad_number": 2,
            "compartment_id": "ocid1.compartment.oc1..aaaaaaaawv7ydwkdkpebps24g2rvbb3znq3xfcdmuv4btnqs5vqiegcd6i6q",
            "id": "ocid1.availabilitydomain.oc1..aaaaaaaaiifj24st3w4j7cowuo3pmqcuqwjapjv435vtjmgh5j7q3flguwna",
            "name": "AuTH:EU-FRANKFURT-1-AD-2"
          },
          "sensitive_attributes": []
        }
      ]
    },
    {
      "mode": "data",
      "type": "oci_identity_availability_domain",
      "name": "export_AuTH-EU-FRANKFURT-1-AD-3",
      "provider": "provider[\"registry.terraform.io/hashicorp/oci\"]",
      "instances": [
        {
          "schema_version": 0,
          "attributes": {
            "ad_number": 3,
            "compartment_id": "ocid1.compartment.oc1..aaaaaaaawv7ydwkdkpebps24g2rvbb3znq3xfcdmuv4btnqs5vqiegcd6i6q",
            "id": "ocid1.availabilitydomain.oc1..aaaaaaaaa2artt5wizbqvwl3rgptylx2l7jqbnyv4dygcfvlrd3dphvi3mdq",
            "name": "AuTH:EU-FRANKFURT-1-AD-3"
          },
          "sensitive_attributes": []
        }
      ]
    },
    {
      "mode": "managed",
      "type": "local_file",
      "name": "okell_cluster_kube_config_file",
      "provider": "provider[\"registry.terraform.io/hashicorp/local\"]",
      "instances": [
        {
          "schema_version": 0,
          "attributes": {
            "content": "---\napiVersion: v1\nkind: \"\"\nclusters:\n- name: cluster-c2ghvt5jgoa\n  cluster:\n    server: https://129.159.199.183:6443\n    certificate-authority-data: LS0tLS1CRUdJTiBDRVJUSUZJQ0FURS0tLS0tCk1JSURpRENDQW5DZ0F3SUJBZ0lRRHlQTHVZeSthWFBLWjEvMlZGSys1ekFOQmdrcWhraUc5dzBCQVFzRkFEQmUKTVE4d0RRWURWUVFEREFaTE9ITWdRMEV4Q3pBSkJnTlZCQVlUQWxWVE1ROHdEUVlEVlFRSERBWkJkWE4wYVc0eApEekFOQmdOVkJBb01Cazl5WVdOc1pURU1NQW9HQTFVRUN3d0RUMk5wTVE0d0RBWURWUVFJREFWVVpYaGhjekFlCkZ3MHlNVEExTVRBeE1USXlNREZhRncweU5qQTFNVEF4TVRJeU1ERmFNRjR4RHpBTkJnTlZCQU1NQmtzNGN5QkQKUVRFTE1Ba0dBMVVFQmhNQ1ZWTXhEekFOQmdOVkJBY01Ca0YxYzNScGJqRVBNQTBHQTFVRUNnd0dUM0poWTJ4bApNUXd3Q2dZRFZRUUxEQU5QWTJreERqQU1CZ05WQkFnTUJWUmxlR0Z6TUlJQklqQU5CZ2txaGtpRzl3MEJBUUVGCkFBT0NBUThBTUlJQkNnS0NBUUVBMWloUHpyM1ZaMDB6eVZ3amthUXR4U0U2eGg1Q2xSRUZxeXp0RTN0dmtWRk0KcXhTUzlTRzRvZWRnVG80a1hXMmE1ZHFFRXBNNnRMRlgzRUFjS0JpQ1NTVUFiODZiQ0luUGhXSitqL0pGSDlYUgpnWjRxaTRTeGRJQWZlT0lNTTNvdzRUYUluSm5pVHA3ejFITFB3SzY1cllkS0cwWHJLdmRjMnlDbnIvTjQ4UHFQCjMxMHhxdHk5bVRIMnV0bytHcGhtK2ZXZXQxZGpUQ2JSTW5CbXkwL1JnWVgzVnovZHE3MlJXYS94V2RvZXJ1Qi8Ka2habW1oOUN4OVd3OWo3Q2VaazZtNzhabm9jcHlxc3AxQUxyOEpGSmtlT0ZnV3E0ZW5zQlpoMVRjdmV1eTlZNgpqL01uMEViYlpBTUFhR3l4S05taTZCdkVnVWZCMHgyOFNHdFJmaWd5TFFJREFRQUJvMEl3UURBUEJnTlZIUk1CCkFmOEVCVEFEQVFIL01BNEdBMVVkRHdFQi93UUVBd0lCQmpBZEJnTlZIUTRFRmdRVXo2YUR3UFdoM0ljNTFOaWkKVCsvcXVGTGcwWTR3RFFZSktvWklodmNOQVFFTEJRQURnZ0VCQUFhMi9DdU9ORnM2cklUYnlZTUJxdzZCaFVtMQpVb0dEVm15WjU5U0tvbjM2TWE5N2RwY0pRaUN2K0UwbTRUcEdLS0F5bTIzb0xmMnhzenFTUXlDZDQ0cnhWbjYxCkVaKzBrVnVmbCs3VUROSXJWWnFKMXRJR1VIa0RDWGxiWWc2SUxFSUVqWGV6ejNGMFAxZHBNemEwYSsrd29MS2wKcTB3a211MDZZNHlnTzh1ZGxBdVMzL0VhT0k4Z3hDcGNEeUlxS3FqeEVISm9rYkc3SktTNHp6eXpDcmNXbVVUagpVazNlS2FhWGZVS3I5K2VpUmJJOVJsdHpWUVh5MnJJeW9uV3JJZldYeEtWRUFxcnVyRlNkZk1pSnZpdGJ2RE54CnR0bVVMUTZvWTZ1VmNvQlBkUFFIekFFMWIrVGtzK1I0M3ZrVmhRTDdUS0NiZHNFcFFQVHJuTGNKdlQ4PQotLS0tLUVORCBDRVJUSUZJQ0FURS0tLS0tCg==\nusers:\n- name: user-c2ghvt5jgoa\n  user:\n    exec:\n      apiVersion: client.authentication.k8s.io/v1beta1\n      command: oci\n      args:\n      - ce\n      - cluster\n      - generate-token\n      - --cluster-id\n      - ocid1.cluster.oc1.eu-frankfurt-1.aaaaaaaatudu24mq6vexgoumbfebn2extxqygcsp6jny6nlboc2ghvt5jgoa\n      - --region\n      - eu-frankfurt-1\n      env: []\ncontexts:\n- name: context-c2ghvt5jgoa\n  context:\n    cluster: cluster-c2ghvt5jgoa\n    user: user-c2ghvt5jgoa\ncurrent-context: context-c2ghvt5jgoa\n",
            "content_base64": null,
            "directory_permission": "0777",
            "file_permission": "0777",
            "filename": "./kubeconfig",
            "id": "9eb6e76dc9c398a5843ba64dc58aec8c982f20ca",
            "sensitive_content": null,
            "source": null
          },
          "sensitive_attributes": [],
          "private": "bnVsbA==",
          "dependencies": [
            "data.oci_containerengine_cluster_kube_config.okell_cluster_kube_config",
            "data.oci_core_services.services",
            "oci_containerengine_cluster.okell_cluster",
            "oci_core_default_security_list.svcLB",
            "oci_core_security_list.endpoint",
            "oci_core_subnet.endpoint_Subnet",
            "oci_core_subnet.svclb_Subnet",
            "oci_core_vcn.okell_vcn"
          ]
        }
      ]
    },
    {
      "mode": "managed",
      "type": "oci_containerengine_cluster",
      "name": "okell_cluster",
      "provider": "provider[\"registry.terraform.io/hashicorp/oci\"]",
      "instances": [
        {
          "schema_version": 0,
          "attributes": {
            "available_kubernetes_upgrades": [],
            "compartment_id": "ocid1.compartment.oc1..aaaaaaaawv7ydwkdkpebps24g2rvbb3znq3xfcdmuv4btnqs5vqiegcd6i6q",
            "endpoint_config": [
              {
                "is_public_ip_enabled": true,
                "nsg_ids": null,
                "subnet_id": "ocid1.subnet.oc1.eu-frankfurt-1.aaaaaaaaisgvrp3xpgnp4lgequ5m6jm4u3ca7riuzy5r7iltz4eimhcwe72q"
              }
            ],
            "endpoints": [
              {
                "kubernetes": "",
                "private_endpoint": "10.0.0.10:6443",
                "public_endpoint": "129.159.199.183:6443"
              }
            ],
            "id": "ocid1.cluster.oc1.eu-frankfurt-1.aaaaaaaatudu24mq6vexgoumbfebn2extxqygcsp6jny6nlboc2ghvt5jgoa",
            "image_policy_config": [
              {
                "is_policy_enabled": false,
                "key_details": []
              }
            ],
            "kms_key_id": "ocid1.key.oc1.eu-frankfurt-1.bjqjh77haafak.abtheljs4gf2iuvsjjyp4biughl5tft7mxgwvup2l262ao27k7g6dlt3yvfq",
            "kubernetes_version": "v1.19.7",
            "lifecycle_details": null,
            "metadata": [
              {
                "created_by_user_id": "ocid1.user.oc1..aaaaaaaabmxyqwtm57vzsslhen6zemjmr6hr5masolwhfq7ugmn6fjnj7pjq",
                "created_by_work_request_id": "ocid1.clustersworkrequest.oc1.eu-frankfurt-1.aaaaaaaakms3coql5kr4svpyoiyunkbqd6yhywvtbc6riutojwloxxnq5lsq",
                "deleted_by_user_id": "",
                "deleted_by_work_request_id": "",
                "time_created": "2021-05-10 11:21:39 +0000 UTC",
                "time_deleted": "",
                "time_updated": "",
                "updated_by_user_id": "",
                "updated_by_work_request_id": ""
              }
            ],
            "name": "app-cluster",
            "options": [
              {
                "add_ons": [
                  {
                    "is_kubernetes_dashboard_enabled": false,
                    "is_tiller_enabled": false
                  }
                ],
                "admission_controller_options": [
                  {
                    "is_pod_security_policy_enabled": false
                  }
                ],
                "kubernetes_network_config": [
                  {
                    "pods_cidr": "10.244.0.0/16",
                    "services_cidr": "10.96.0.0/16"
                  }
                ],
                "service_lb_subnet_ids": [
                  "ocid1.subnet.oc1.eu-frankfurt-1.aaaaaaaai7h7iiunin3fii4a2bizxcjieq252fibd3n7b3qgqmyfdlc535ua"
                ]
              }
            ],
            "state": "ACTIVE",
            "timeouts": null,
            "vcn_id": "ocid1.vcn.oc1.eu-frankfurt-1.amaaaaaa7bs7v7iazdcwy5oivhkvf2afctqgdcd5y2vo7suv6wnq746sa4qq"
          },
          "sensitive_attributes": [],
          "private": "eyJlMmJmYjczMC1lY2FhLTExZTYtOGY4OC0zNDM2M2JjN2M0YzAiOnsiY3JlYXRlIjozNjAwMDAwMDAwMDAwLCJkZWxldGUiOjM2MDAwMDAwMDAwMDAsInVwZGF0ZSI6MzYwMDAwMDAwMDAwMH19",
          "dependencies": [
            "data.oci_core_services.services",
            "oci_core_default_security_list.svcLB",
            "oci_core_security_list.endpoint",
            "oci_core_subnet.endpoint_Subnet",
            "oci_core_subnet.svclb_Subnet",
            "oci_core_vcn.okell_vcn"
          ]
        }
      ]
    },
    {
      "mode": "managed",
      "type": "oci_containerengine_node_pool",
      "name": "okell_node_pool",
      "provider": "provider[\"registry.terraform.io/hashicorp/oci\"]",
      "instances": [
        {
          "schema_version": 0,
          "attributes": {
            "cluster_id": "ocid1.cluster.oc1.eu-frankfurt-1.aaaaaaaatudu24mq6vexgoumbfebn2extxqygcsp6jny6nlboc2ghvt5jgoa",
            "compartment_id": "ocid1.compartment.oc1..aaaaaaaawv7ydwkdkpebps24g2rvbb3znq3xfcdmuv4btnqs5vqiegcd6i6q",
            "id": "ocid1.nodepool.oc1.eu-frankfurt-1.aaaaaaaaaeztayjtgeywkmzvhbrdczrygntgky3dgmydanzvhn3tomrvgq4g",
            "initial_node_labels": [],
            "kubernetes_version": "v1.19.7",
            "name": "app-node-pool",
            "node_config_details": [
              {
                "placement_configs": [
                  {
                    "availability_domain": "AuTH:EU-FRANKFURT-1-AD-1",
                    "subnet_id": "ocid1.subnet.oc1.eu-frankfurt-1.aaaaaaaa5xf2ltgn2r2ualphiesjw6iu2zqy2lbpu3t2ugfh5fu3xxav5i7q"
                  }
                ],
                "size": 1
              }
            ],
            "node_image_id": "ocid1.image.oc1.eu-frankfurt-1.aaaaaaaa4pnql6wprjir2xhf2is2r7u2g7e4s3lufxxjp6hzm3tyepannwra",
            "node_image_name": "Oracle-Linux-7.9-2021.04.09-0",
            "node_metadata": {},
            "node_shape": "VM.Standard.E2.1",
            "node_shape_config": [],
            "node_source": [
              {
                "image_id": "ocid1.image.oc1.eu-frankfurt-1.aaaaaaaa4pnql6wprjir2xhf2is2r7u2g7e4s3lufxxjp6hzm3tyepannwra",
                "source_name": "Oracle-Linux-7.9-2021.04.09-0",
                "source_type": "IMAGE"
              }
            ],
            "node_source_details": [
              {
                "boot_volume_size_in_gbs": "",
                "image_id": "ocid1.image.oc1.eu-frankfurt-1.aaaaaaaa4pnql6wprjir2xhf2is2r7u2g7e4s3lufxxjp6hzm3tyepannwra",
                "source_type": "IMAGE"
              }
            ],
            "nodes": [],
            "quantity_per_subnet": 0,
            "ssh_public_key": "",
            "subnet_ids": [
              "ocid1.subnet.oc1.eu-frankfurt-1.aaaaaaaa5xf2ltgn2r2ualphiesjw6iu2zqy2lbpu3t2ugfh5fu3xxav5i7q"
            ],
            "timeouts": null
          },
          "sensitive_attributes": [],
          "private": "eyJlMmJmYjczMC1lY2FhLTExZTYtOGY4OC0zNDM2M2JjN2M0YzAiOnsiY3JlYXRlIjoxMjAwMDAwMDAwMDAwLCJkZWxldGUiOjEyMDAwMDAwMDAwMDAsInVwZGF0ZSI6MTIwMDAwMDAwMDAwMH19",
          "dependencies": [
            "data.oci_containerengine_node_pool_option.okell_node_pool_option",
            "data.oci_core_services.services",
            "data.oci_identity_availability_domain.export_AuTH-EU-FRANKFURT-1-AD-1",
            "oci_containerengine_cluster.okell_cluster",
            "oci_core_default_security_list.svcLB",
            "oci_core_nat_gateway.ngw",
            "oci_core_route_table.private",
            "oci_core_security_list.endpoint",
            "oci_core_security_list.nodePool_sl",
            "oci_core_service_gateway.sg",
            "oci_core_subnet.endpoint_Subnet",
            "oci_core_subnet.nodePool_Subnet",
            "oci_core_subnet.svclb_Subnet",
            "oci_core_vcn.okell_vcn"
          ]
        }
      ]
    },
    {
      "mode": "managed",
      "type": "oci_core_default_route_table",
      "name": "public",
      "provider": "provider[\"registry.terraform.io/hashicorp/oci\"]",
      "instances": [
        {
          "schema_version": 0,
          "attributes": {
            "defined_tags": {
              "Oracle-Tags.CreatedBy": "oracleidentitycloudservice/badr.nass.lahsen@oracle.com",
              "Oracle-Tags.CreatedOn": "2021-05-10T11:21:31.841Z"
            },
            "display_name": "public",
            "freeform_tags": {},
            "id": "ocid1.routetable.oc1.eu-frankfurt-1.aaaaaaaao5b4bhgmoyyrkx72uykad3rulhl3urashphamagbixkvcuty366a",
            "manage_default_resource_id": "ocid1.routetable.oc1.eu-frankfurt-1.aaaaaaaao5b4bhgmoyyrkx72uykad3rulhl3urashphamagbixkvcuty366a",
            "route_rules": [
              {
                "cidr_block": "",
                "description": "traffic to/from internet",
                "destination": "0.0.0.0/0",
                "destination_type": "CIDR_BLOCK",
                "network_entity_id": "ocid1.internetgateway.oc1.eu-frankfurt-1.aaaaaaaatjmnyr6hnglgpzb4mednqkthon5ydd7sxd7r2h3pjyzg67smwu3q"
              }
            ],
            "state": "AVAILABLE",
            "time_created": "2021-05-10 11:21:31.845 +0000 UTC",
            "timeouts": null
          },
          "sensitive_attributes": [],
          "private": "eyJlMmJmYjczMC1lY2FhLTExZTYtOGY4OC0zNDM2M2JjN2M0YzAiOnsiY3JlYXRlIjoxMjAwMDAwMDAwMDAwLCJkZWxldGUiOjEyMDAwMDAwMDAwMDAsInVwZGF0ZSI6MTIwMDAwMDAwMDAwMH19",
          "dependencies": [
            "oci_core_internet_gateway.ig",
            "oci_core_vcn.okell_vcn"
          ]
        }
      ]
    },
    {
      "mode": "managed",
      "type": "oci_core_default_security_list",
      "name": "svcLB",
      "provider": "provider[\"registry.terraform.io/hashicorp/oci\"]",
      "instances": [
        {
          "schema_version": 0,
          "attributes": {
            "defined_tags": {
              "Oracle-Tags.CreatedBy": "oracleidentitycloudservice/badr.nass.lahsen@oracle.com",
              "Oracle-Tags.CreatedOn": "2021-05-10T11:21:31.841Z"
            },
            "display_name": "svcLB",
            "egress_security_rules": [
              {
                "description": "",
                "destination": "10.0.10.0/24",
                "destination_type": "CIDR_BLOCK",
                "icmp_options": [],
                "protocol": "6",
                "stateless": false,
                "tcp_options": [
                  {
                    "max": 10256,
                    "min": 10256,
                    "source_port_range": []
                  }
                ],
                "udp_options": []
              },
              {
                "description": "",
                "destination": "10.0.10.0/24",
                "destination_type": "CIDR_BLOCK",
                "icmp_options": [],
                "protocol": "6",
                "stateless": false,
                "tcp_options": [
                  {
                    "max": 32767,
                    "min": 30000,
                    "source_port_range": []
                  }
                ],
                "udp_options": []
              }
            ],
            "freeform_tags": {},
            "id": "ocid1.securitylist.oc1.eu-frankfurt-1.aaaaaaaa744aqfxerztl5mvxqcwxh5ecx4iowr53ccz45555xz7eopjkam3q",
            "ingress_security_rules": [],
            "manage_default_resource_id": "ocid1.securitylist.oc1.eu-frankfurt-1.aaaaaaaa744aqfxerztl5mvxqcwxh5ecx4iowr53ccz45555xz7eopjkam3q",
            "state": "AVAILABLE",
            "time_created": "2021-05-10 11:21:31.845 +0000 UTC",
            "timeouts": null
          },
          "sensitive_attributes": [],
          "private": "eyJlMmJmYjczMC1lY2FhLTExZTYtOGY4OC0zNDM2M2JjN2M0YzAiOnsiY3JlYXRlIjoxMjAwMDAwMDAwMDAwLCJkZWxldGUiOjEyMDAwMDAwMDAwMDAsInVwZGF0ZSI6MTIwMDAwMDAwMDAwMH19",
          "dependencies": [
            "oci_core_vcn.okell_vcn"
          ]
        }
      ]
    },
    {
      "mode": "managed",
      "type": "oci_core_internet_gateway",
      "name": "ig",
      "provider": "provider[\"registry.terraform.io/hashicorp/oci\"]",
      "instances": [
        {
          "schema_version": 0,
          "attributes": {
            "compartment_id": "ocid1.compartment.oc1..aaaaaaaawv7ydwkdkpebps24g2rvbb3znq3xfcdmuv4btnqs5vqiegcd6i6q",
            "defined_tags": {
              "Oracle-Tags.CreatedBy": "oracleidentitycloudservice/badr.nass.lahsen@oracle.com",
              "Oracle-Tags.CreatedOn": "2021-05-10T11:21:32.324Z"
            },
            "display_name": "ClusterInternetGateway",
            "enabled": true,
            "freeform_tags": {},
            "id": "ocid1.internetgateway.oc1.eu-frankfurt-1.aaaaaaaatjmnyr6hnglgpzb4mednqkthon5ydd7sxd7r2h3pjyzg67smwu3q",
            "state": "AVAILABLE",
            "time_created": "2021-05-10 11:21:32.339 +0000 UTC",
            "timeouts": null,
            "vcn_id": "ocid1.vcn.oc1.eu-frankfurt-1.amaaaaaa7bs7v7iazdcwy5oivhkvf2afctqgdcd5y2vo7suv6wnq746sa4qq"
          },
          "sensitive_attributes": [],
          "private": "eyJlMmJmYjczMC1lY2FhLTExZTYtOGY4OC0zNDM2M2JjN2M0YzAiOnsiY3JlYXRlIjoxMjAwMDAwMDAwMDAwLCJkZWxldGUiOjEyMDAwMDAwMDAwMDAsInVwZGF0ZSI6MTIwMDAwMDAwMDAwMH19",
          "dependencies": [
            "oci_core_vcn.okell_vcn"
          ]
        }
      ]
    },
    {
      "mode": "managed",
      "type": "oci_core_nat_gateway",
      "name": "ngw",
      "provider": "provider[\"registry.terraform.io/hashicorp/oci\"]",
      "instances": [
        {
          "schema_version": 0,
          "attributes": {
            "block_traffic": false,
            "compartment_id": "ocid1.compartment.oc1..aaaaaaaawv7ydwkdkpebps24g2rvbb3znq3xfcdmuv4btnqs5vqiegcd6i6q",
            "defined_tags": {
              "Oracle-Tags.CreatedBy": "oracleidentitycloudservice/badr.nass.lahsen@oracle.com",
              "Oracle-Tags.CreatedOn": "2021-05-10T11:21:32.438Z"
            },
            "display_name": "ngw",
            "freeform_tags": {},
            "id": "ocid1.natgateway.oc1.eu-frankfurt-1.aaaaaaaatvelupblixzkjtwcjtadq62jgxgty7fc6rjh2tdv5ypn4nw6ujcq",
            "nat_ip": "129.159.249.252",
            "public_ip_id": "ocid1.publicip.oc1.eu-frankfurt-1.aaaaaaaanpipyijlcifu3nmabtzgtecwfcr32orh7cnee3xkwa4aswdqt6vq",
            "state": "AVAILABLE",
            "time_created": "2021-05-10 11:21:32.736 +0000 UTC",
            "timeouts": null,
            "vcn_id": "ocid1.vcn.oc1.eu-frankfurt-1.amaaaaaa7bs7v7iazdcwy5oivhkvf2afctqgdcd5y2vo7suv6wnq746sa4qq"
          },
          "sensitive_attributes": [],
          "private": "eyJlMmJmYjczMC1lY2FhLTExZTYtOGY4OC0zNDM2M2JjN2M0YzAiOnsiY3JlYXRlIjoxMjAwMDAwMDAwMDAwLCJkZWxldGUiOjEyMDAwMDAwMDAwMDAsInVwZGF0ZSI6MTIwMDAwMDAwMDAwMH19",
          "dependencies": [
            "oci_core_vcn.okell_vcn"
          ]
        }
      ]
    },
    {
      "mode": "managed",
      "type": "oci_core_route_table",
      "name": "private",
      "provider": "provider[\"registry.terraform.io/hashicorp/oci\"]",
      "instances": [
        {
          "schema_version": 0,
          "attributes": {
            "compartment_id": "ocid1.compartment.oc1..aaaaaaaawv7ydwkdkpebps24g2rvbb3znq3xfcdmuv4btnqs5vqiegcd6i6q",
            "defined_tags": {
              "Oracle-Tags.CreatedBy": "oracleidentitycloudservice/badr.nass.lahsen@oracle.com",
              "Oracle-Tags.CreatedOn": "2021-05-10T11:21:33.920Z"
            },
            "display_name": "private",
            "freeform_tags": {},
            "id": "ocid1.routetable.oc1.eu-frankfurt-1.aaaaaaaaym5erm35u6sv7duoar6cwfprbwzkvaudo52sqnex7m6w6lrallsa",
            "route_rules": [
              {
                "cidr_block": "",
                "description": "traffic to OCI services",
                "destination": "oci-fra-objectstorage",
                "destination_type": "SERVICE_CIDR_BLOCK",
                "network_entity_id": "ocid1.servicegateway.oc1.eu-frankfurt-1.aaaaaaaajulgwdkywlz4ynsdwjwobhh3pnehgeznpeg6nqm2ynfqyvwtq77a"
              },
              {
                "cidr_block": "",
                "description": "traffic to the internet",
                "destination": "0.0.0.0/0",
                "destination_type": "CIDR_BLOCK",
                "network_entity_id": "ocid1.natgateway.oc1.eu-frankfurt-1.aaaaaaaatvelupblixzkjtwcjtadq62jgxgty7fc6rjh2tdv5ypn4nw6ujcq"
              }
            ],
            "state": "AVAILABLE",
            "time_created": "2021-05-10 11:21:33.957 +0000 UTC",
            "timeouts": null,
            "vcn_id": "ocid1.vcn.oc1.eu-frankfurt-1.amaaaaaa7bs7v7iazdcwy5oivhkvf2afctqgdcd5y2vo7suv6wnq746sa4qq"
          },
          "sensitive_attributes": [],
          "private": "eyJlMmJmYjczMC1lY2FhLTExZTYtOGY4OC0zNDM2M2JjN2M0YzAiOnsiY3JlYXRlIjoxMjAwMDAwMDAwMDAwLCJkZWxldGUiOjEyMDAwMDAwMDAwMDAsInVwZGF0ZSI6MTIwMDAwMDAwMDAwMH19",
          "dependencies": [
            "data.oci_core_services.services",
            "oci_core_nat_gateway.ngw",
            "oci_core_service_gateway.sg",
            "oci_core_vcn.okell_vcn"
          ]
        }
      ]
    },
    {
      "mode": "managed",
      "type": "oci_core_security_list",
      "name": "endpoint",
      "provider": "provider[\"registry.terraform.io/hashicorp/oci\"]",
      "instances": [
        {
          "schema_version": 0,
          "attributes": {
            "compartment_id": "ocid1.compartment.oc1..aaaaaaaawv7ydwkdkpebps24g2rvbb3znq3xfcdmuv4btnqs5vqiegcd6i6q",
            "defined_tags": {
              "Oracle-Tags.CreatedBy": "oracleidentitycloudservice/badr.nass.lahsen@oracle.com",
              "Oracle-Tags.CreatedOn": "2021-05-10T11:21:32.399Z"
            },
            "display_name": "endpoint",
            "egress_security_rules": [
              {
                "description": "All traffic to worker nodes",
                "destination": "10.0.10.0/24",
                "destination_type": "CIDR_BLOCK",
                "icmp_options": [],
                "protocol": "6",
                "stateless": false,
                "tcp_options": [],
                "udp_options": []
              },
              {
                "description": "Allow Kubernetes Control Plane to communicate with OKE",
                "destination": "all-fra-services-in-oracle-services-network",
                "destination_type": "SERVICE_CIDR_BLOCK",
                "icmp_options": [],
                "protocol": "6",
                "stateless": false,
                "tcp_options": [
                  {
                    "max": 443,
                    "min": 443,
                    "source_port_range": []
                  }
                ],
                "udp_options": []
              },
              {
                "description": "Allow Kubernetes Control Plane to communicate with OKE",
                "destination": "oci-fra-objectstorage",
                "destination_type": "SERVICE_CIDR_BLOCK",
                "icmp_options": [],
                "protocol": "6",
                "stateless": false,
                "tcp_options": [
                  {
                    "max": 443,
                    "min": 443,
                    "source_port_range": []
                  }
                ],
                "udp_options": []
              },
              {
                "description": "Path discovery",
                "destination": "10.0.10.0/24",
                "destination_type": "CIDR_BLOCK",
                "icmp_options": [
                  {
                    "code": 4,
                    "type": 3
                  }
                ],
                "protocol": "1",
                "stateless": false,
                "tcp_options": [],
                "udp_options": []
              }
            ],
            "freeform_tags": {},
            "id": "ocid1.securitylist.oc1.eu-frankfurt-1.aaaaaaaagjxahwehiimyqbhcajrge5oilgbyfdxpodmh6vmzxhjj7eni54ga",
            "ingress_security_rules": [
              {
                "description": "External access to Kubernetes API endpoint",
                "icmp_options": [],
                "protocol": "6",
                "source": "0.0.0.0/0",
                "source_type": "CIDR_BLOCK",
                "stateless": false,
                "tcp_options": [
                  {
                    "max": 6443,
                    "min": 6443,
                    "source_port_range": []
                  }
                ],
                "udp_options": []
              },
              {
                "description": "Kubernetes worker to Kubernetes API endpoint communication",
                "icmp_options": [],
                "protocol": "6",
                "source": "10.0.10.0/24",
                "source_type": "CIDR_BLOCK",
                "stateless": false,
                "tcp_options": [
                  {
                    "max": 6443,
                    "min": 6443,
                    "source_port_range": []
                  }
                ],
                "udp_options": []
              },
              {
                "description": "Kubernetes worker to control plane communication",
                "icmp_options": [],
                "protocol": "6",
                "source": "10.0.10.0/24",
                "source_type": "CIDR_BLOCK",
                "stateless": false,
                "tcp_options": [
                  {
                    "max": 12250,
                    "min": 12250,
                    "source_port_range": []
                  }
                ],
                "udp_options": []
              },
              {
                "description": "Path discovery",
                "icmp_options": [
                  {
                    "code": 4,
                    "type": 3
                  }
                ],
                "protocol": "1",
                "source": "10.0.10.0/24",
                "source_type": "CIDR_BLOCK",
                "stateless": false,
                "tcp_options": [],
                "udp_options": []
              }
            ],
            "state": "AVAILABLE",
            "time_created": "2021-05-10 11:21:32.409 +0000 UTC",
            "timeouts": null,
            "vcn_id": "ocid1.vcn.oc1.eu-frankfurt-1.amaaaaaa7bs7v7iazdcwy5oivhkvf2afctqgdcd5y2vo7suv6wnq746sa4qq"
          },
          "sensitive_attributes": [],
          "private": "eyJlMmJmYjczMC1lY2FhLTExZTYtOGY4OC0zNDM2M2JjN2M0YzAiOnsiY3JlYXRlIjoxMjAwMDAwMDAwMDAwLCJkZWxldGUiOjEyMDAwMDAwMDAwMDAsInVwZGF0ZSI6MTIwMDAwMDAwMDAwMH19",
          "dependencies": [
            "data.oci_core_services.services",
            "oci_core_vcn.okell_vcn"
          ]
        }
      ]
    },
    {
      "mode": "managed",
      "type": "oci_core_security_list",
      "name": "nodePool_sl",
      "provider": "provider[\"registry.terraform.io/hashicorp/oci\"]",
      "instances": [
        {
          "schema_version": 0,
          "attributes": {
            "compartment_id": "ocid1.compartment.oc1..aaaaaaaawv7ydwkdkpebps24g2rvbb3znq3xfcdmuv4btnqs5vqiegcd6i6q",
            "defined_tags": {
              "Oracle-Tags.CreatedBy": "oracleidentitycloudservice/badr.nass.lahsen@oracle.com",
              "Oracle-Tags.CreatedOn": "2021-05-10T11:21:32.415Z"
            },
            "display_name": "nodepool_sl",
            "egress_security_rules": [
              {
                "description": "Access to Kubernetes API Endpoint",
                "destination": "10.0.0.0/28",
                "destination_type": "CIDR_BLOCK",
                "icmp_options": [],
                "protocol": "6",
                "stateless": false,
                "tcp_options": [
                  {
                    "max": 6443,
                    "min": 6443,
                    "source_port_range": []
                  }
                ],
                "udp_options": []
              },
              {
                "description": "Allow nodes to communicate with OKE to ensure correct start-up and continued functioning (0)",
                "destination": "all-fra-services-in-oracle-services-network",
                "destination_type": "SERVICE_CIDR_BLOCK",
                "icmp_options": [],
                "protocol": "6",
                "stateless": false,
                "tcp_options": [
                  {
                    "max": 443,
                    "min": 443,
                    "source_port_range": []
                  }
                ],
                "udp_options": []
              },
              {
                "description": "Allow nodes to communicate with OKE to ensure correct start-up and continued functioning (1)",
                "destination": "oci-fra-objectstorage",
                "destination_type": "SERVICE_CIDR_BLOCK",
                "icmp_options": [],
                "protocol": "6",
                "stateless": false,
                "tcp_options": [
                  {
                    "max": 443,
                    "min": 443,
                    "source_port_range": []
                  }
                ],
                "udp_options": []
              },
              {
                "description": "Allow pods on one worker node to communicate with pods on other worker nodes",
                "destination": "10.0.10.0/24",
                "destination_type": "CIDR_BLOCK",
                "icmp_options": [],
                "protocol": "all",
                "stateless": false,
                "tcp_options": [],
                "udp_options": []
              },
              {
                "description": "ICMP Access from Kubernetes Control Plane",
                "destination": "0.0.0.0/0",
                "destination_type": "CIDR_BLOCK",
                "icmp_options": [
                  {
                    "code": 4,
                    "type": 3
                  }
                ],
                "protocol": "1",
                "stateless": false,
                "tcp_options": [],
                "udp_options": []
              },
              {
                "description": "Kubernetes worker to control plane communication",
                "destination": "10.0.0.0/28",
                "destination_type": "CIDR_BLOCK",
                "icmp_options": [],
                "protocol": "6",
                "stateless": false,
                "tcp_options": [
                  {
                    "max": 12250,
                    "min": 12250,
                    "source_port_range": []
                  }
                ],
                "udp_options": []
              },
              {
                "description": "Path discovery",
                "destination": "10.0.0.0/28",
                "destination_type": "CIDR_BLOCK",
                "icmp_options": [
                  {
                    "code": 4,
                    "type": 3
                  }
                ],
                "protocol": "1",
                "stateless": false,
                "tcp_options": [],
                "udp_options": []
              },
              {
                "description": "Worker Nodes access to Internet",
                "destination": "0.0.0.0/0",
                "destination_type": "CIDR_BLOCK",
                "icmp_options": [],
                "protocol": "all",
                "stateless": false,
                "tcp_options": [],
                "udp_options": []
              }
            ],
            "freeform_tags": {},
            "id": "ocid1.securitylist.oc1.eu-frankfurt-1.aaaaaaaanaislzffj7ksxhsspztxhj2xsmhpteu6umnciucvqkfru3ojcy2a",
            "ingress_security_rules": [
              {
                "description": "",
                "icmp_options": [],
                "protocol": "6",
                "source": "10.0.20.0/24",
                "source_type": "CIDR_BLOCK",
                "stateless": false,
                "tcp_options": [
                  {
                    "max": 10256,
                    "min": 10256,
                    "source_port_range": []
                  }
                ],
                "udp_options": []
              },
              {
                "description": "",
                "icmp_options": [],
                "protocol": "6",
                "source": "10.0.20.0/24",
                "source_type": "CIDR_BLOCK",
                "stateless": false,
                "tcp_options": [
                  {
                    "max": 32767,
                    "min": 30000,
                    "source_port_range": []
                  }
                ],
                "udp_options": []
              },
              {
                "description": "Allow pods on one worker node to communicate with pods on other worker nodes",
                "icmp_options": [],
                "protocol": "all",
                "source": "10.0.10.0/24",
                "source_type": "CIDR_BLOCK",
                "stateless": false,
                "tcp_options": [],
                "udp_options": []
              },
              {
                "description": "Inbound SSH traffic to worker nodes",
                "icmp_options": [],
                "protocol": "6",
                "source": "0.0.0.0/0",
                "source_type": "CIDR_BLOCK",
                "stateless": false,
                "tcp_options": [
                  {
                    "max": 22,
                    "min": 22,
                    "source_port_range": []
                  }
                ],
                "udp_options": []
              },
              {
                "description": "Path discovery",
                "icmp_options": [
                  {
                    "code": 4,
                    "type": 3
                  }
                ],
                "protocol": "1",
                "source": "10.0.0.0/28",
                "source_type": "CIDR_BLOCK",
                "stateless": false,
                "tcp_options": [],
                "udp_options": []
              },
              {
                "description": "TCP access from Kubernetes Control Plane",
                "icmp_options": [],
                "protocol": "6",
                "source": "10.0.0.0/28",
                "source_type": "CIDR_BLOCK",
                "stateless": false,
                "tcp_options": [],
                "udp_options": []
              }
            ],
            "state": "AVAILABLE",
            "time_created": "2021-05-10 11:21:32.426 +0000 UTC",
            "timeouts": null,
            "vcn_id": "ocid1.vcn.oc1.eu-frankfurt-1.amaaaaaa7bs7v7iazdcwy5oivhkvf2afctqgdcd5y2vo7suv6wnq746sa4qq"
          },
          "sensitive_attributes": [],
          "private": "eyJlMmJmYjczMC1lY2FhLTExZTYtOGY4OC0zNDM2M2JjN2M0YzAiOnsiY3JlYXRlIjoxMjAwMDAwMDAwMDAwLCJkZWxldGUiOjEyMDAwMDAwMDAwMDAsInVwZGF0ZSI6MTIwMDAwMDAwMDAwMH19",
          "dependencies": [
            "data.oci_core_services.services",
            "oci_core_vcn.okell_vcn"
          ]
        }
      ]
    },
    {
      "mode": "managed",
      "type": "oci_core_service_gateway",
      "name": "sg",
      "provider": "provider[\"registry.terraform.io/hashicorp/oci\"]",
      "instances": [
        {
          "schema_version": 0,
          "attributes": {
            "block_traffic": false,
            "compartment_id": "ocid1.compartment.oc1..aaaaaaaawv7ydwkdkpebps24g2rvbb3znq3xfcdmuv4btnqs5vqiegcd6i6q",
            "defined_tags": {
              "Oracle-Tags.CreatedBy": "oracleidentitycloudservice/badr.nass.lahsen@oracle.com",
              "Oracle-Tags.CreatedOn": "2021-05-10T11:21:32.439Z"
            },
            "display_name": "app-sg",
            "freeform_tags": {},
            "id": "ocid1.servicegateway.oc1.eu-frankfurt-1.aaaaaaaajulgwdkywlz4ynsdwjwobhh3pnehgeznpeg6nqm2ynfqyvwtq77a",
            "route_table_id": null,
            "services": [
              {
                "service_id": "ocid1.service.oc1.eu-frankfurt-1.aaaaaaaalblrg4eycfxwohulzwwq63btwptzs2hva3muxfan5ro5x7glehtq",
                "service_name": "OCI FRA Object Storage"
              }
            ],
            "state": "AVAILABLE",
            "time_created": "2021-05-10 11:21:32.869 +0000 UTC",
            "timeouts": null,
            "vcn_id": "ocid1.vcn.oc1.eu-frankfurt-1.amaaaaaa7bs7v7iazdcwy5oivhkvf2afctqgdcd5y2vo7suv6wnq746sa4qq"
          },
          "sensitive_attributes": [],
          "private": "eyJlMmJmYjczMC1lY2FhLTExZTYtOGY4OC0zNDM2M2JjN2M0YzAiOnsiY3JlYXRlIjoxMjAwMDAwMDAwMDAwLCJkZWxldGUiOjEyMDAwMDAwMDAwMDAsInVwZGF0ZSI6MTIwMDAwMDAwMDAwMH19",
          "dependencies": [
            "data.oci_core_services.services",
            "oci_core_vcn.okell_vcn"
          ]
        }
      ]
    },
    {
      "mode": "managed",
      "type": "oci_core_subnet",
      "name": "endpoint_Subnet",
      "provider": "provider[\"registry.terraform.io/hashicorp/oci\"]",
      "instances": [
        {
          "schema_version": 0,
          "attributes": {
            "availability_domain": null,
            "cidr_block": "10.0.0.0/28",
            "compartment_id": "ocid1.compartment.oc1..aaaaaaaawv7ydwkdkpebps24g2rvbb3znq3xfcdmuv4btnqs5vqiegcd6i6q",
            "defined_tags": {
              "Oracle-Tags.CreatedBy": "oracleidentitycloudservice/badr.nass.lahsen@oracle.com",
              "Oracle-Tags.CreatedOn": "2021-05-10T11:21:32.717Z"
            },
            "dhcp_options_id": "ocid1.dhcpoptions.oc1.eu-frankfurt-1.aaaaaaaappvkwueyhsxu3poi44ld2g7fsm5xniyvmq23u7heozt4pohdn5ua",
            "display_name": "SubNet1ForEndpoint",
            "dns_label": "endpoint",
            "freeform_tags": {},
            "id": "ocid1.subnet.oc1.eu-frankfurt-1.aaaaaaaaisgvrp3xpgnp4lgequ5m6jm4u3ca7riuzy5r7iltz4eimhcwe72q",
            "ipv6cidr_block": null,
            "ipv6virtual_router_ip": null,
            "prohibit_internet_ingress": false,
            "prohibit_public_ip_on_vnic": false,
            "route_table_id": "ocid1.routetable.oc1.eu-frankfurt-1.aaaaaaaao5b4bhgmoyyrkx72uykad3rulhl3urashphamagbixkvcuty366a",
            "security_list_ids": [
              "ocid1.securitylist.oc1.eu-frankfurt-1.aaaaaaaagjxahwehiimyqbhcajrge5oilgbyfdxpodmh6vmzxhjj7eni54ga"
            ],
            "state": "AVAILABLE",
            "subnet_domain_name": "endpoint.appvcn.oraclevcn.com",
            "time_created": "2021-05-10 11:21:36.563 +0000 UTC",
            "timeouts": null,
            "vcn_id": "ocid1.vcn.oc1.eu-frankfurt-1.amaaaaaa7bs7v7iazdcwy5oivhkvf2afctqgdcd5y2vo7suv6wnq746sa4qq",
            "virtual_router_ip": "10.0.0.1",
            "virtual_router_mac": "00:00:17:14:62:5C"
          },
          "sensitive_attributes": [],
          "private": "eyJlMmJmYjczMC1lY2FhLTExZTYtOGY4OC0zNDM2M2JjN2M0YzAiOnsiY3JlYXRlIjoxMjAwMDAwMDAwMDAwLCJkZWxldGUiOjEyMDAwMDAwMDAwMDAsInVwZGF0ZSI6MTIwMDAwMDAwMDAwMH19",
          "dependencies": [
            "data.oci_core_services.services",
            "oci_core_security_list.endpoint",
            "oci_core_vcn.okell_vcn"
          ]
        }
      ]
    },
    {
      "mode": "managed",
      "type": "oci_core_subnet",
      "name": "nodePool_Subnet",
      "provider": "provider[\"registry.terraform.io/hashicorp/oci\"]",
      "instances": [
        {
          "schema_version": 0,
          "attributes": {
            "availability_domain": null,
            "cidr_block": "10.0.10.0/24",
            "compartment_id": "ocid1.compartment.oc1..aaaaaaaawv7ydwkdkpebps24g2rvbb3znq3xfcdmuv4btnqs5vqiegcd6i6q",
            "defined_tags": {
              "Oracle-Tags.CreatedBy": "oracleidentitycloudservice/badr.nass.lahsen@oracle.com",
              "Oracle-Tags.CreatedOn": "2021-05-10T11:21:34.344Z"
            },
            "dhcp_options_id": "ocid1.dhcpoptions.oc1.eu-frankfurt-1.aaaaaaaappvkwueyhsxu3poi44ld2g7fsm5xniyvmq23u7heozt4pohdn5ua",
            "display_name": "SubNet1ForNodePool",
            "dns_label": "nodepool",
            "freeform_tags": {},
            "id": "ocid1.subnet.oc1.eu-frankfurt-1.aaaaaaaa5xf2ltgn2r2ualphiesjw6iu2zqy2lbpu3t2ugfh5fu3xxav5i7q",
            "ipv6cidr_block": null,
            "ipv6virtual_router_ip": null,
            "prohibit_internet_ingress": true,
            "prohibit_public_ip_on_vnic": true,
            "route_table_id": "ocid1.routetable.oc1.eu-frankfurt-1.aaaaaaaaym5erm35u6sv7duoar6cwfprbwzkvaudo52sqnex7m6w6lrallsa",
            "security_list_ids": [
              "ocid1.securitylist.oc1.eu-frankfurt-1.aaaaaaaanaislzffj7ksxhsspztxhj2xsmhpteu6umnciucvqkfru3ojcy2a"
            ],
            "state": "AVAILABLE",
            "subnet_domain_name": "nodepool.appvcn.oraclevcn.com",
            "time_created": "2021-05-10 11:21:34.381 +0000 UTC",
            "timeouts": null,
            "vcn_id": "ocid1.vcn.oc1.eu-frankfurt-1.amaaaaaa7bs7v7iazdcwy5oivhkvf2afctqgdcd5y2vo7suv6wnq746sa4qq",
            "virtual_router_ip": "10.0.10.1",
            "virtual_router_mac": "00:00:17:14:62:5C"
          },
          "sensitive_attributes": [],
          "private": "eyJlMmJmYjczMC1lY2FhLTExZTYtOGY4OC0zNDM2M2JjN2M0YzAiOnsiY3JlYXRlIjoxMjAwMDAwMDAwMDAwLCJkZWxldGUiOjEyMDAwMDAwMDAwMDAsInVwZGF0ZSI6MTIwMDAwMDAwMDAwMH19",
          "dependencies": [
            "data.oci_core_services.services",
            "oci_core_nat_gateway.ngw",
            "oci_core_route_table.private",
            "oci_core_security_list.nodePool_sl",
            "oci_core_service_gateway.sg",
            "oci_core_vcn.okell_vcn"
          ]
        }
      ]
    },
    {
      "mode": "managed",
      "type": "oci_core_subnet",
      "name": "svclb_Subnet",
      "provider": "provider[\"registry.terraform.io/hashicorp/oci\"]",
      "instances": [
        {
          "schema_version": 0,
          "attributes": {
            "availability_domain": null,
            "cidr_block": "10.0.20.0/24",
            "compartment_id": "ocid1.compartment.oc1..aaaaaaaawv7ydwkdkpebps24g2rvbb3znq3xfcdmuv4btnqs5vqiegcd6i6q",
            "defined_tags": {
              "Oracle-Tags.CreatedBy": "oracleidentitycloudservice/badr.nass.lahsen@oracle.com",
              "Oracle-Tags.CreatedOn": "2021-05-10T11:21:32.812Z"
            },
            "dhcp_options_id": "ocid1.dhcpoptions.oc1.eu-frankfurt-1.aaaaaaaappvkwueyhsxu3poi44ld2g7fsm5xniyvmq23u7heozt4pohdn5ua",
            "display_name": "SubNet1ForSvcLB",
            "dns_label": "svclb",
            "freeform_tags": {},
            "id": "ocid1.subnet.oc1.eu-frankfurt-1.aaaaaaaai7h7iiunin3fii4a2bizxcjieq252fibd3n7b3qgqmyfdlc535ua",
            "ipv6cidr_block": null,
            "ipv6virtual_router_ip": null,
            "prohibit_internet_ingress": false,
            "prohibit_public_ip_on_vnic": false,
            "route_table_id": "ocid1.routetable.oc1.eu-frankfurt-1.aaaaaaaao5b4bhgmoyyrkx72uykad3rulhl3urashphamagbixkvcuty366a",
            "security_list_ids": [
              "ocid1.securitylist.oc1.eu-frankfurt-1.aaaaaaaa744aqfxerztl5mvxqcwxh5ecx4iowr53ccz45555xz7eopjkam3q"
            ],
            "state": "AVAILABLE",
            "subnet_domain_name": "svclb.appvcn.oraclevcn.com",
            "time_created": "2021-05-10 11:21:33.671 +0000 UTC",
            "timeouts": null,
            "vcn_id": "ocid1.vcn.oc1.eu-frankfurt-1.amaaaaaa7bs7v7iazdcwy5oivhkvf2afctqgdcd5y2vo7suv6wnq746sa4qq",
            "virtual_router_ip": "10.0.20.1",
            "virtual_router_mac": "00:00:17:14:62:5C"
          },
          "sensitive_attributes": [],
          "private": "eyJlMmJmYjczMC1lY2FhLTExZTYtOGY4OC0zNDM2M2JjN2M0YzAiOnsiY3JlYXRlIjoxMjAwMDAwMDAwMDAwLCJkZWxldGUiOjEyMDAwMDAwMDAwMDAsInVwZGF0ZSI6MTIwMDAwMDAwMDAwMH19",
          "dependencies": [
            "oci_core_default_security_list.svcLB",
            "oci_core_vcn.okell_vcn"
          ]
        }
      ]
    },
    {
      "mode": "managed",
      "type": "oci_core_vcn",
      "name": "okell_vcn",
      "provider": "provider[\"registry.terraform.io/hashicorp/oci\"]",
      "instances": [
        {
          "schema_version": 0,
          "attributes": {
            "cidr_block": "10.0.0.0/16",
            "cidr_blocks": [
              "10.0.0.0/16"
            ],
            "compartment_id": "ocid1.compartment.oc1..aaaaaaaawv7ydwkdkpebps24g2rvbb3znq3xfcdmuv4btnqs5vqiegcd6i6q",
            "default_dhcp_options_id": "ocid1.dhcpoptions.oc1.eu-frankfurt-1.aaaaaaaappvkwueyhsxu3poi44ld2g7fsm5xniyvmq23u7heozt4pohdn5ua",
            "default_route_table_id": "ocid1.routetable.oc1.eu-frankfurt-1.aaaaaaaao5b4bhgmoyyrkx72uykad3rulhl3urashphamagbixkvcuty366a",
            "default_security_list_id": "ocid1.securitylist.oc1.eu-frankfurt-1.aaaaaaaa744aqfxerztl5mvxqcwxh5ecx4iowr53ccz45555xz7eopjkam3q",
            "defined_tags": {
              "Oracle-Tags.CreatedBy": "oracleidentitycloudservice/badr.nass.lahsen@oracle.com",
              "Oracle-Tags.CreatedOn": "2021-05-10T11:21:31.841Z"
            },
            "display_name": "app-vcn",
            "dns_label": "appvcn",
            "freeform_tags": {},
            "id": "ocid1.vcn.oc1.eu-frankfurt-1.amaaaaaa7bs7v7iazdcwy5oivhkvf2afctqgdcd5y2vo7suv6wnq746sa4qq",
            "ipv6cidr_blocks": [],
            "is_ipv6enabled": false,
            "state": "AVAILABLE",
            "time_created": "2021-05-10 11:21:31.845 +0000 UTC",
            "timeouts": null,
            "vcn_domain_name": "appvcn.oraclevcn.com"
          },
          "sensitive_attributes": [],
          "private": "eyJlMmJmYjczMC1lY2FhLTExZTYtOGY4OC0zNDM2M2JjN2M0YzAiOnsiY3JlYXRlIjoxMjAwMDAwMDAwMDAwLCJkZWxldGUiOjEyMDAwMDAwMDAwMDAsInVwZGF0ZSI6MTIwMDAwMDAwMDAwMH19"
        }
      ]
    }
  ]
}
